<?xml version="1.0" encoding="UTF-8"?>
<Scheme
   LastUpgradeVersion = "0610"
   version = "1.3">
   <BuildAction
      parallelizeBuildables = "YES"
      buildImplicitDependencies = "YES">
      <BuildActionEntries>
         <BuildActionEntry
            buildForTesting = "YES"
            buildForRunning = "YES"
            buildForProfiling = "YES"
            buildForArchiving = "YES"
            buildForAnalyzing = "YES">
            <BuildableReference
               BuildableIdentifier = "primary"
               BlueprintIdentifier = "3C8682421A762E7D00AC8282"
               BuildableName = "JHWaterfallFlow(&#x7011;&#x5e03;&#x6d41;).app"
               BlueprintName = "JHWaterfallFlow(&#x7011;&#x5e03;&#x6d41;)"
               ReferencedContainer = "container:JHWaterfallFlow(&#x7011;&#x5e03;&#x6d41;).xcodeproj">
            </BuildableReference>
         </BuildActionEntry>
         <BuildActionEntry
            buildForTesting = "YES"
            buildForRunning = "YES"
            buildForProfiling = "NO"
            buildForArchiving = "NO"
            buildForAnalyzing = "YES">
            <BuildableReference
               BuildableIdentifier = "primary"
               BlueprintIdentifier = "3C86825B1A762E7D00AC8282"
               BuildableName = "JHWaterfallFlow(&#x7011;&#x5e03;&#x6d41;)Tests.xctest"
               BlueprintName = "JHWaterfallFlow(&#x7011;&#x5e03;&#x6d41;)Tests"
               ReferencedContainer = "container:JHWaterfallFlow(&#x7011;&#x5e03;&#x6d41;).xcodeproj">
            </BuildableReference>
         </BuildActionEntry>
      </BuildActionEntries>
   </BuildAction>
   <TestAction
      selectedDebuggerIdentifier = "Xcode.DebuggerFoundation.Debugger.LLDB"
      selectedLauncherIdentifier = "Xcode.DebuggerFoundation.Launcher.LLDB"
      shouldUseLaunchSchemeArgsEnv = "YES"
      buildConfiguration = "Debug">
      <Testables>
         <TestableReference
            skipped = "NO">
            <BuildableReference
               BuildableIdentifier = "primary"
               BlueprintIdentifier = "3C86825B1A762E7D00AC8282"
               BuildableName = "JHWaterfallFlow(&#x7011;&#x5e03;&#x6d41;)Tests.xctest"
               BlueprintName = "JHWaterfallFlow(&#x7011;&#x5e03;&#x6d41;)Tests"
               ReferencedContainer = "container:JHWaterfallFlow(&#x7011;&#x5e03;&#x6d41;).xcodeproj">
            </BuildableReference>
         </TestableReference>
      </Testables>
      <MacroExpansion>
         <BuildableReference
            BuildableIdentifier = "primary"
            BlueprintIdentifier = "3C8682421A762E7D00AC8282"
            BuildableName = "JHWaterfallFlow(&#x7011;&#x5e03;&#x6d41;).app"
            BlueprintName = "JHWaterfallFlow(&#x7011;&#x5e03;&#x6d41;)"
            ReferencedContainer = "container:JHWaterfallFlow(&#x7011;&#x5e03;&#x6d41;).xcodeproj">
         </BuildableReference>
      </MacroExpansion>
   </TestAction>
   <LaunchAction
      selectedDebuggerIdentifier = "Xcode.DebuggerFoundation.Debugger.LLDB"
      selectedLauncherIdentifier = "Xcode.DebuggerFoundation.Launcher.LLDB"
      launchStyle = "0"
      useCustomWorkingDirectory = "NO"
      buildConfiguration = "Debug"
      ignoresPersistentStateOnLaunch = "NO"
      debugDocumentVersioning = "YES"
      allowLocationSimulation = "YES">
      <BuildableProductRunnable>
         <BuildableReference
            BuildableIdentifier = "primary"
            BlueprintIdentifier = "3C8682421A762E7D00AC8282"
            BuildableName = "JHWaterfallFlow(&#x7011;&#x5e03;&#x6d41;).app"
            BlueprintName = "JHWaterfallFlow(&#x7011;&#x5e03;&#x6d41;)"
            ReferencedContainer = "container:JHWaterfallFlow(&#x7011;&#x5e03;&#x6d41;).xcodeproj">
         </BuildableReference>
      </BuildableProductRunnable>
      <AdditionalOptions>
      </AdditionalOptions>
   </LaunchAction>
   <ProfileAction
      shouldUseLaunchSchemeArgsEnv = "YES"
      savedToolIdentifier = ""
      useCustomWorkingDirectory = "NO"
      buildConfiguration = "Release"
      debugDocumentVersioning = "YES">
      <BuildableProductRunnable>
         <BuildableReference
            BuildableIdentifier = "primary"
            BlueprintIdentifier = "3C8682421A762E7D00AC8282"
            BuildableName = "JHWaterfallFlow(&#x7011;&#x5e03;&#x6d41;).app"
            BlueprintName = "JHWaterfallFlow(&#x7011;&#x5e03;&#x6d41;)"
            ReferencedContainer = "container:JHWaterfallFlow(&#x7011;&#x5e03;&#x6d41;).xcodeproj">
         </BuildableReference>
      </BuildableProductRunnable>
   </ProfileAction>
   <AnalyzeAction
      buildConfiguration = "Debug">
   </AnalyzeAction>
   <ArchiveAction
      buildConfiguration = "Release"
      revealArchiveInOrganizer = "YES">
   </ArchiveAction>
</Scheme>
